
Microsoft Visual Studio Solution File, Format Version 12.00
# Visual Studio 14
VisualStudioVersion = 14.0.22823.1
MinimumVisualStudioVersion = 10.0.40219.1
Project("{8BC9CEB8-8B4A-11D0-8D11-00A0C91BC942}") = "turbobadger-demo", "turbobadger-demo.vcxproj", "{C3FDE1FE-1FCB-4156-BB37-2E38F5C2DFE7}"
	ProjectSection(ProjectDependencies) = postProject
		{156102D7-F2DD-4618-B2EB-2DFE607EE6DD} = {156102D7-F2DD-4618-B2EB-2DFE607EE6DD}
	EndProjectSection
EndProject
Project("{8BC9CEB8-8B4A-11D0-8D11-00A0C91BC942}") = "libturbobadger", "..\libturbobadger.vcxproj", "{156102D7-F2DD-4618-B2EB-2DFE607EE6DD}"
EndProject
Global
	GlobalSection(SolutionConfigurationPlatforms) = preSolution
		Debug|x64 = Debug|x64
		Release|x64 = Release|x64
	EndGlobalSection
	GlobalSection(ProjectConfigurationPlatforms) = postSolution
		{C3FDE1FE-1FCB-4156-BB37-2E38F5C2DFE7}.Debug|x64.ActiveCfg = Debug|x64
		{C3FDE1FE-1FCB-4156-BB37-2E38F5C2DFE7}.Debug|x64.Build.0 = Debug|x64
		{C3FDE1FE-1FCB-4156-BB37-2E38F5C2DFE7}.Release|x64.ActiveCfg = Release|x64
		{C3FDE1FE-1FCB-4156-BB37-2E38F5C2DFE7}.Release|x64.Build.0 = Release|x64
		{156102D7-F2DD-4618-B2EB-2DFE607EE6DD}.Debug|x64.ActiveCfg = Debug|x64
		{156102D7-F2DD-4618-B2EB-2DFE607EE6DD}.Debug|x64.Build.0 = Debug|x64
		{156102D7-F2DD-4618-B2EB-2DFE607EE6DD}.Release|x64.ActiveCfg = Release|x64
		{156102D7-F2DD-4618-B2EB-2DFE607EE6DD}.Release|x64.Build.0 = Release|x64
	EndGlobalSection
	GlobalSection(SolutionProperties) = preSolution
		HideSolutionNode = FALSE
	EndGlobalSection
EndGlobal
